
Microsoft Visual Studio Solution File, Format Version 12.00
# Visual Studio Version 16
VisualStudioVersion = 16.0.31624.102
MinimumVisualStudioVersion = 10.0.40219.1
Project("{9A19103F-16F7-4668-BE54-9A1E7A4F7556}") = "Biblioteka", "Biblioteka\Biblioteka.csproj", "{7923BFB7-E6BC-463D-A365-F39F5290519E}"
EndProject
Project("{FAE04EC0-301F-11D3-BF4B-00C04F79EFBC}") = "BibliotekaTests", "BibliotekaTests\BibliotekaTests.csproj", "{DCB97BBD-25A2-497D-9A8C-7C42E5BBAB97}"
EndProject
Global
	GlobalSection(SolutionConfigurationPlatforms) = preSolution
		Debug|Any CPU = Debug|Any CPU
		Release|Any CPU = Release|Any CPU
	EndGlobalSection
	GlobalSection(ProjectConfigurationPlatforms) = postSolution
		{7923BFB7-E6BC-463D-A365-F39F5290519E}.Debug|Any CPU.ActiveCfg = Debug|Any CPU
		{7923BFB7-E6BC-463D-A365-F39F5290519E}.Debug|Any CPU.Build.0 = Debug|Any CPU
		{7923BFB7-E6BC-463D-A365-F39F5290519E}.Release|Any CPU.ActiveCfg = Release|Any CPU
		{7923BFB7-E6BC-463D-A365-F39F5290519E}.Release|Any CPU.Build.0 = Release|Any CPU
		{DCB97BBD-25A2-497D-9A8C-7C42E5BBAB97}.Debug|Any CPU.ActiveCfg = Debug|Any CPU
		{DCB97BBD-25A2-497D-9A8C-7C42E5BBAB97}.Debug|Any CPU.Build.0 = Debug|Any CPU
		{DCB97BBD-25A2-497D-9A8C-7C42E5BBAB97}.Release|Any CPU.ActiveCfg = Release|Any CPU
		{DCB97BBD-25A2-497D-9A8C-7C42E5BBAB97}.Release|Any CPU.Build.0 = Release|Any CPU
	EndGlobalSection
	GlobalSection(SolutionProperties) = preSolution
		HideSolutionNode = FALSE
	EndGlobalSection
	GlobalSection(ExtensibilityGlobals) = postSolution
		SolutionGuid = {125BD78A-AFAC-42A7-816F-47E044BDB1B5}
	EndGlobalSection
EndGlobal
